
Microsoft Visual Studio Solution File, Format Version 12.00
# Visual Studio 15
VisualStudioVersion = 15.0.28307.1062
MinimumVisualStudioVersion = 10.0.40219.1
Project("{FAE04EC0-301F-11D3-BF4B-00C04F79EFBC}") = "OnnxDemoWindowsFormsApp", "OnnxDemoWindowsFormsApp\OnnxDemoWindowsFormsApp.csproj", "{38C0870B-1417-4AFF-B17B-C31703887BF5}"
EndProject
Global
	GlobalSection(SolutionConfigurationPlatforms) = preSolution
		Debug|Any CPU = Debug|Any CPU
		Release|Any CPU = Release|Any CPU
	EndGlobalSection
	GlobalSection(ProjectConfigurationPlatforms) = postSolution
		{38C0870B-1417-4AFF-B17B-C31703887BF5}.Debug|Any CPU.ActiveCfg = Debug|Any CPU
		{38C0870B-1417-4AFF-B17B-C31703887BF5}.Debug|Any CPU.Build.0 = Debug|Any CPU
		{38C0870B-1417-4AFF-B17B-C31703887BF5}.Release|Any CPU.ActiveCfg = Release|Any CPU
		{38C0870B-1417-4AFF-B17B-C31703887BF5}.Release|Any CPU.Build.0 = Release|Any CPU
	EndGlobalSection
	GlobalSection(SolutionProperties) = preSolution
		HideSolutionNode = FALSE
	EndGlobalSection
	GlobalSection(ExtensibilityGlobals) = postSolution
		SolutionGuid = {14FAA8D4-2CC2-4270-98B0-282803D973B6}
	EndGlobalSection
EndGlobal
